// !$*UTF8*$!
{
	archiveVersion = 1;
	classes = {
	};
	objectVersion = 50;
	objects = {

/* Begin PBXBuildFile section */
		841C82222538A5010054C4AC /* AppDelegate.swift in Sources */ = {isa = PBXBuildFile; fileRef = 841C82212538A5010054C4AC /* AppDelegate.swift */; };
		841C82242538A5010054C4AC /* SceneDelegate.swift in Sources */ = {isa = PBXBuildFile; fileRef = 841C82232538A5010054C4AC /* SceneDelegate.swift */; };
		841C82262538A5010054C4AC /* ContentView.swift in Sources */ = {isa = PBXBuildFile; fileRef = 841C82252538A5010054C4AC /* ContentView.swift */; };
		841C82282538A5010054C4AC /* Assets.xcassets in Resources */ = {isa = PBXBuildFile; fileRef = 841C82272538A5010054C4AC /* Assets.xcassets */; };
		841C822B2538A5010054C4AC /* Preview Assets.xcassets in Resources */ = {isa = PBXBuildFile; fileRef = 841C822A2538A5010054C4AC /* Preview Assets.xcassets */; };
		841C822E2538A5010054C4AC /* LaunchScreen.storyboard in Resources */ = {isa = PBXBuildFile; fileRef = 841C822C2538A5010054C4AC /* LaunchScreen.storyboard */; };
		841C82372538A8A40054C4AC /* TrafficLightsItemView.swift in Sources */ = {isa = PBXBuildFile; fileRef = 841C82362538A8A40054C4AC /* TrafficLightsItemView.swift */; };
		841C82462538ADB60054C4AC /* TrafficLightsListView.swift in Sources */ = {isa = PBXBuildFile; fileRef = 841C82452538ADB60054C4AC /* TrafficLightsListView.swift */; };
		84DF59C22538F84700C5B060 /* ColorExtension.swift in Sources */ = {isa = PBXBuildFile; fileRef = 84DF59C12538F84700C5B060 /* ColorExtension.swift */; };
/* End PBXBuildFile section */

/* Begin PBXFileReference section */
		841C821E2538A5010054C4AC /* TrafficLights.app */ = {isa = PBXFileReference; explicitFileType = wrapper.application; includeInIndex = 0; path = TrafficLights.app; sourceTree = BUILT_PRODUCTS_DIR; };
		841C82212538A5010054C4AC /* AppDelegate.swift */ = {isa = PBXFileReference; lastKnownFileType = sourcecode.swift; path = AppDelegate.swift; sourceTree = "<group>"; };
		841C82232538A5010054C4AC /* SceneDelegate.swift */ = {isa = PBXFileReference; lastKnownFileType = sourcecode.swift; path = SceneDelegate.swift; sourceTree = "<group>"; };
		841C82252538A5010054C4AC /* ContentView.swift */ = {isa = PBXFileReference; lastKnownFileType = sourcecode.swift; path = ContentView.swift; sourceTree = "<group>"; };
		841C82272538A5010054C4AC /* Assets.xcassets */ = {isa = PBXFileReference; lastKnownFileType = folder.assetcatalog; path = Assets.xcassets; sourceTree = "<group>"; };
		841C822A2538A5010054C4AC /* Preview Assets.xcassets */ = {isa = PBXFileReference; lastKnownFileType = folder.assetcatalog; path = "Preview Assets.xcassets"; sourceTree = "<group>"; };
		841C822D2538A5010054C4AC /* Base */ = {isa = PBXFileReference; lastKnownFileType = file.storyboard; name = Base; path = Base.lproj/LaunchScreen.storyboard; sourceTree = "<group>"; };
		841C822F2538A5010054C4AC /* Info.plist */ = {isa = PBXFileReference; lastKnownFileType = text.plist.xml; path = Info.plist; sourceTree = "<group>"; };
		841C82362538A8A40054C4AC /* TrafficLightsItemView.swift */ = {isa = PBXFileReference; lastKnownFileType = sourcecode.swift; path = TrafficLightsItemView.swift; sourceTree = "<group>"; };
		841C82452538ADB60054C4AC /* TrafficLightsListView.swift */ = {isa = PBXFileReference; lastKnownFileType = sourcecode.swift; path = TrafficLightsListView.swift; sourceTree = "<group>"; };
		84DF59C12538F84700C5B060 /* ColorExtension.swift */ = {isa = PBXFileReference; lastKnownFileType = sourcecode.swift; path = ColorExtension.swift; sourceTree = "<group>"; };
/* End PBXFileReference section */

/* Begin PBXFrameworksBuildPhase section */
		841C821B2538A5010054C4AC /* Frameworks */ = {
			isa = PBXFrameworksBuildPhase;
			buildActionMask = 2147483647;
			files = (
			);
			runOnlyForDeploymentPostprocessing = 0;
		};
/* End PBXFrameworksBuildPhase section */

/* Begin PBXGroup section */
		841C82152538A5010054C4AC = {
			isa = PBXGroup;
			children = (
				841C82202538A5010054C4AC /* TrafficLights */,
				841C821F2538A5010054C4AC /* Products */,
			);
			sourceTree = "<group>";
		};
		841C821F2538A5010054C4AC /* Products */ = {
			isa = PBXGroup;
			children = (
				841C821E2538A5010054C4AC /* TrafficLights.app */,
			);
			name = Products;
			sourceTree = "<group>";
		};
		841C82202538A5010054C4AC /* TrafficLights */ = {
			isa = PBXGroup;
			children = (
				84DF59C02538F79400C5B060 /* Extension */,
				841C82482538ADC90054C4AC /* View */,
				841C82392538A9080054C4AC /* Supporting Files */,
				841C82292538A5010054C4AC /* Preview Content */,
			);
			path = TrafficLights;
			sourceTree = "<group>";
		};
		841C82292538A5010054C4AC /* Preview Content */ = {
			isa = PBXGroup;
			children = (
				841C822C2538A5010054C4AC /* LaunchScreen.storyboard */,
				841C822F2538A5010054C4AC /* Info.plist */,
				841C822A2538A5010054C4AC /* Preview Assets.xcassets */,
			);
			path = "Preview Content";
			sourceTree = "<group>";
		};
		841C82392538A9080054C4AC /* Supporting Files */ = {
			isa = PBXGroup;
			children = (
				841C82272538A5010054C4AC /* Assets.xcassets */,
				841C82232538A5010054C4AC /* SceneDelegate.swift */,
				841C82212538A5010054C4AC /* AppDelegate.swift */,
			);
			path = "Supporting Files";
			sourceTree = "<group>";
		};
		841C82482538ADC90054C4AC /* View */ = {
			isa = PBXGroup;
			children = (
				841C82252538A5010054C4AC /* ContentView.swift */,
				841C82452538ADB60054C4AC /* TrafficLightsListView.swift */,
				841C82362538A8A40054C4AC /* TrafficLightsItemView.swift */,
			);
			path = View;
			sourceTree = "<group>";
		};
		84DF59C02538F79400C5B060 /* Extension */ = {
			isa = PBXGroup;
			children = (
				84DF59C12538F84700C5B060 /* ColorExtension.swift */,
			);
			path = Extension;
			sourceTree = "<group>";
		};
/* End PBXGroup section */

/* Begin PBXNativeTarget section */
		841C821D2538A5010054C4AC /* TrafficLights */ = {
			isa = PBXNativeTarget;
			buildConfigurationList = 841C82322538A5010054C4AC /* Build configuration list for PBXNativeTarget "TrafficLights" */;
			buildPhases = (
				841C821A2538A5010054C4AC /* Sources */,
				841C821B2538A5010054C4AC /* Frameworks */,
				841C821C2538A5010054C4AC /* Resources */,
			);
			buildRules = (
			);
			dependencies = (
			);
			name = TrafficLights;
			productName = TrafficLights;
			productReference = 841C821E2538A5010054C4AC /* TrafficLights.app */;
			productType = "com.apple.product-type.application";
		};
/* End PBXNativeTarget section */

/* Begin PBXProject section */
		841C82162538A5010054C4AC /* Project object */ = {
			isa = PBXProject;
			attributes = {
				LastSwiftUpdateCheck = 1200;
				LastUpgradeCheck = 1200;
				TargetAttributes = {
					841C821D2538A5010054C4AC = {
						CreatedOnToolsVersion = 12.0.1;
					};
				};
			};
			buildConfigurationList = 841C82192538A5010054C4AC /* Build configuration list for PBXProject "TrafficLights" */;
			compatibilityVersion = "Xcode 9.3";
			developmentRegion = en;
			hasScannedForEncodings = 0;
			knownRegions = (
				en,
				Base,
			);
			mainGroup = 841C82152538A5010054C4AC;
			productRefGroup = 841C821F2538A5010054C4AC /* Products */;
			projectDirPath = "";
			projectRoot = "";
			targets = (
				841C821D2538A5010054C4AC /* TrafficLights */,
			);
		};
/* End PBXProject section */

/* Begin PBXResourcesBuildPhase section */
		841C821C2538A5010054C4AC /* Resources */ = {
			isa = PBXResourcesBuildPhase;
			buildActionMask = 2147483647;
			files = (
				841C822E2538A5010054C4AC /* LaunchScreen.storyboard in Resources */,
				841C822B2538A5010054C4AC /* Preview Assets.xcassets in Resources */,
				841C82282538A5010054C4AC /* Assets.xcassets in Resources */,
			);
			runOnlyForDeploymentPostprocessing = 0;
		};
/* End PBXResourcesBuildPhase section */

/* Begin PBXSourcesBuildPhase section */
		841C821A2538A5010054C4AC /* Sources */ = {
			isa = PBXSourcesBuildPhase;
			buildActionMask = 2147483647;
			files = (
				841C82372538A8A40054C4AC /* TrafficLightsItemView.swift in Sources */,
				841C82222538A5010054C4AC /* AppDelegate.swift in Sources */,
				84DF59C22538F84700C5B060 /* ColorExtension.swift in Sources */,
				841C82242538A5010054C4AC /* SceneDelegate.swift in Sources */,
				841C82462538ADB60054C4AC /* TrafficLightsListView.swift in Sources */,
				841C82262538A5010054C4AC /* ContentView.swift in Sources */,
			);
			runOnlyForDeploymentPostprocessing = 0;
		};
/* End PBXSourcesBuildPhase section */

/* Begin PBXVariantGroup section */
		841C822C2538A5010054C4AC /* LaunchScreen.storyboard */ = {
			isa = PBXVariantGroup;
			children = (
				841C822D2538A5010054C4AC /* Base */,
			);
			name = LaunchScreen.storyboard;
			sourceTree = "<group>";
		};
/* End PBXVariantGroup section */

/* Begin XCBuildConfiguration section */
		841C82302538A5010054C4AC /* Debug */ = {
			isa = XCBuildConfiguration;
			buildSettings = {
				ALWAYS_SEARCH_USER_PATHS = NO;
				CLANG_ANALYZER_NONNULL = YES;
				CLANG_ANALYZER_NUMBER_OBJECT_CONVERSION = YES_AGGRESSIVE;
				CLANG_CXX_LANGUAGE_STANDARD = "gnu++14";
				CLANG_CXX_LIBRARY = "libc++";
				CLANG_ENABLE_MODULES = YES;
				CLANG_ENABLE_OBJC_ARC = YES;
				CLANG_ENABLE_OBJC_WEAK = YES;
				CLANG_WARN_BLOCK_CAPTURE_AUTORELEASING = YES;
				CLANG_WARN_BOOL_CONVERSION = YES;
				CLANG_WARN_COMMA = YES;
				CLANG_WARN_CONSTANT_CONVERSION = YES;
				CLANG_WARN_DEPRECATED_OBJC_IMPLEMENTATIONS = YES;
				CLANG_WARN_DIRECT_OBJC_ISA_USAGE = YES_ERROR;
				CLANG_WARN_DOCUMENTATION_COMMENTS = YES;
				CLANG_WARN_EMPTY_BODY = YES;
				CLANG_WARN_ENUM_CONVERSION = YES;
				CLANG_WARN_INFINITE_RECURSION = YES;
				CLANG_WARN_INT_CONVERSION = YES;
				CLANG_WARN_NON_LITERAL_NULL_CONVERSION = YES;
				CLANG_WARN_OBJC_IMPLICIT_RETAIN_SELF = YES;
				CLANG_WARN_OBJC_LITERAL_CONVERSION = YES;
				CLANG_WARN_OBJC_ROOT_CLASS = YES_ERROR;
				CLANG_WARN_QUOTED_INCLUDE_IN_FRAMEWORK_HEADER = YES;
				CLANG_WARN_RANGE_LOOP_ANALYSIS = YES;
				CLANG_WARN_STRICT_PROTOTYPES = YES;
				CLANG_WARN_SUSPICIOUS_MOVE = YES;
				CLANG_WARN_UNGUARDED_AVAILABILITY = YES_AGGRESSIVE;
				CLANG_WARN_UNREACHABLE_CODE = YES;
				CLANG_WARN__DUPLICATE_METHOD_MATCH = YES;
				COPY_PHASE_STRIP = NO;
				DEBUG_INFORMATION_FORMAT = dwarf;
				ENABLE_STRICT_OBJC_MSGSEND = YES;
				ENABLE_TESTABILITY = YES;
				GCC_C_LANGUAGE_STANDARD = gnu11;
				GCC_DYNAMIC_NO_PIC = NO;
				GCC_NO_COMMON_BLOCKS = YES;
				GCC_OPTIMIZATION_LEVEL = 0;
				GCC_PREPROCESSOR_DEFINITIONS = (
					"DEBUG=1",
					"$(inherited)",
				);
				GCC_WARN_64_TO_32_BIT_CONVERSION = YES;
				GCC_WARN_ABOUT_RETURN_TYPE = YES_ERROR;
				GCC_WARN_UNDECLARED_SELECTOR = YES;
				GCC_WARN_UNINITIALIZED_AUTOS = YES_AGGRESSIVE;
				GCC_WARN_UNUSED_FUNCTION = YES;
				GCC_WARN_UNUSED_VARIABLE = YES;
				IPHONEOS_DEPLOYMENT_TARGET = 13.0;
				MTL_ENABLE_DEBUG_INFO = INCLUDE_SOURCE;
				MTL_FAST_MATH = YES;
				ONLY_ACTIVE_ARCH = YES;
				SDKROOT = iphoneos;
				SWIFT_ACTIVE_COMPILATION_CONDITIONS = DEBUG;
				SWIFT_OPTIMIZATION_LEVEL = "-Onone";
			};
			name = Debug;
		};
		841C82312538A5010054C4AC /* Release */ = {
			isa = XCBuildConfiguration;
			buildSettings = {
				ALWAYS_SEARCH_USER_PATHS = NO;
				CLANG_ANALYZER_NONNULL = YES;
				CLANG_ANALYZER_NUMBER_OBJECT_CONVERSION = YES_AGGRESSIVE;
				CLANG_CXX_LANGUAGE_STANDARD = "gnu++14";
				CLANG_CXX_LIBRARY = "libc++";
				CLANG_ENABLE_MODULES = YES;
				CLANG_ENABLE_OBJC_ARC = YES;
				CLANG_ENABLE_OBJC_WEAK = YES;
				CLANG_WARN_BLOCK_CAPTURE_AUTORELEASING = YES;
				CLANG_WARN_BOOL_CONVERSION = YES;
				CLANG_WARN_COMMA = YES;
				CLANG_WARN_CONSTANT_CONVERSION = YES;
				CLANG_WARN_DEPRECATED_OBJC_IMPLEMENTATIONS = YES;
				CLANG_WARN_DIRECT_OBJC_ISA_USAGE = YES_ERROR;
				CLANG_WARN_DOCUMENTATION_COMMENTS = YES;
				CLANG_WARN_EMPTY_BODY = YES;
				CLANG_WARN_ENUM_CONVERSION = YES;
				CLANG_WARN_INFINITE_RECURSION = YES;
				CLANG_WARN_INT_CONVERSION = YES;
				CLANG_WARN_NON_LITERAL_NULL_CONVERSION = YES;
				CLANG_WARN_OBJC_IMPLICIT_RETAIN_SELF = YES;
				CLANG_WARN_OBJC_LITERAL_CONVERSION = YES;
				CLANG_WARN_OBJC_ROOT_CLASS = YES_ERROR;
				CLANG_WARN_QUOTED_INCLUDE_IN_FRAMEWORK_HEADER = YES;
				CLANG_WARN_RANGE_LOOP_ANALYSIS = YES;
				CLANG_WARN_STRICT_PROTOTYPES = YES;
				CLANG_WARN_SUSPICIOUS_MOVE = YES;
				CLANG_WARN_UNGUARDED_AVAILABILITY = YES_AGGRESSIVE;
				CLANG_WARN_UNREACHABLE_CODE = YES;
				CLANG_WARN__DUPLICATE_METHOD_MATCH = YES;
				COPY_PHASE_STRIP = NO;
				DEBUG_INFORMATION_FORMAT = "dwarf-with-dsym";
				ENABLE_NS_ASSERTIONS = NO;
				ENABLE_STRICT_OBJC_MSGSEND = YES;
				GCC_C_LANGUAGE_STANDARD = gnu11;
				GCC_NO_COMMON_BLOCKS = YES;
				GCC_WARN_64_TO_32_BIT_CONVERSION = YES;
				GCC_WARN_ABOUT_RETURN_TYPE = YES_ERROR;
				GCC_WARN_UNDECLARED_SELECTOR = YES;
				GCC_WARN_UNINITIALIZED_AUTOS = YES_AGGRESSIVE;
				GCC_WARN_UNUSED_FUNCTION = YES;
				GCC_WARN_UNUSED_VARIABLE = YES;
				IPHONEOS_DEPLOYMENT_TARGET = 13.0;
				MTL_ENABLE_DEBUG_INFO = NO;
				MTL_FAST_MATH = YES;
				SDKROOT = iphoneos;
				SWIFT_COMPILATION_MODE = wholemodule;
				SWIFT_OPTIMIZATION_LEVEL = "-O";
				VALIDATE_PRODUCT = YES;
			};
			name = Release;
		};
		841C82332538A5010054C4AC /* Debug */ = {
			isa = XCBuildConfiguration;
			buildSettings = {
				ASSETCATALOG_COMPILER_APPICON_NAME = AppIcon;
				ASSETCATALOG_COMPILER_GLOBAL_ACCENT_COLOR_NAME = AccentColor;
				CODE_SIGN_STYLE = Automatic;
				DEVELOPMENT_ASSET_PATHS = "\"TrafficLights/Preview Content\"";
				DEVELOPMENT_TEAM = CF5MGLR6XK;
				ENABLE_PREVIEWS = YES;
				INFOPLIST_FILE = "TrafficLights/Preview Content/Info.plist";
				LD_RUNPATH_SEARCH_PATHS = (
					"$(inherited)",
					"@executable_path/Frameworks",
				);
				PRODUCT_BUNDLE_IDENTIFIER = Oleg.TrafficLights;
				PRODUCT_NAME = "$(TARGET_NAME)";
				SWIFT_VERSION = 5.0;
				TARGETED_DEVICE_FAMILY = 1;
			};
			name = Debug;
		};
		841C82342538A5010054C4AC /* Release */ = {
			isa = XCBuildConfiguration;
			buildSettings = {
				ASSETCATALOG_COMPILER_APPICON_NAME = AppIcon;
				ASSETCATALOG_COMPILER_GLOBAL_ACCENT_COLOR_NAME = AccentColor;
				CODE_SIGN_STYLE = Automatic;
				DEVELOPMENT_ASSET_PATHS = "\"TrafficLights/Preview Content\"";
				DEVELOPMENT_TEAM = CF5MGLR6XK;
				ENABLE_PREVIEWS = YES;
				INFOPLIST_FILE = "TrafficLights/Preview Content/Info.plist";
				LD_RUNPATH_SEARCH_PATHS = (
					"$(inherited)",
					"@executable_path/Frameworks",
				);
				PRODUCT_BUNDLE_IDENTIFIER = Oleg.TrafficLights;
				PRODUCT_NAME = "$(TARGET_NAME)";
				SWIFT_VERSION = 5.0;
				TARGETED_DEVICE_FAMILY = 1;
			};
			name = Release;
		};
/* End XCBuildConfiguration section */

/* Begin XCConfigurationList section */
		841C82192538A5010054C4AC /* Build configuration list for PBXProject "TrafficLights" */ = {
			isa = XCConfigurationList;
			buildConfigurations = (
				841C82302538A5010054C4AC /* Debug */,
				841C82312538A5010054C4AC /* Release */,
			);
			defaultConfigurationIsVisible = 0;
			defaultConfigurationName = Release;
		};
		841C82322538A5010054C4AC /* Build configuration list for PBXNativeTarget "TrafficLights" */ = {
			isa = XCConfigurationList;
			buildConfigurations = (
				841C82332538A5010054C4AC /* Debug */,
				841C82342538A5010054C4AC /* Release */,
			);
			defaultConfigurationIsVisible = 0;
			defaultConfigurationName = Release;
		};
/* End XCConfigurationList section */
	};
	rootObject = 841C82162538A5010054C4AC /* Project object */;
}
